
Microsoft Visual Studio Solution File, Format Version 12.00
# Visual Studio Version 17
VisualStudioVersion = 17.11.35327.3
MinimumVisualStudioVersion = 10.0.40219.1
Project("{FAE04EC0-301F-11D3-BF4B-00C04F79EFBC}") = "API_Library", "API_Library\API_Library.csproj", "{8940EF81-CA0B-4731-977A-A3A0786E2CFE}"
EndProject
Global
	GlobalSection(SolutionConfigurationPlatforms) = preSolution
		Debug|Any CPU = Debug|Any CPU
		Release|Any CPU = Release|Any CPU
	EndGlobalSection
	GlobalSection(ProjectConfigurationPlatforms) = postSolution
		{8940EF81-CA0B-4731-977A-A3A0786E2CFE}.Debug|Any CPU.ActiveCfg = Debug|Any CPU
		{8940EF81-CA0B-4731-977A-A3A0786E2CFE}.Debug|Any CPU.Build.0 = Debug|Any CPU
		{8940EF81-CA0B-4731-977A-A3A0786E2CFE}.Release|Any CPU.ActiveCfg = Release|Any CPU
		{8940EF81-CA0B-4731-977A-A3A0786E2CFE}.Release|Any CPU.Build.0 = Release|Any CPU
	EndGlobalSection
	GlobalSection(SolutionProperties) = preSolution
		HideSolutionNode = FALSE
	EndGlobalSection
	GlobalSection(ExtensibilityGlobals) = postSolution
		SolutionGuid = {C3D2985D-7619-49BF-9E5A-E5BEE4D7651E}
	EndGlobalSection
EndGlobal
